// !$*UTF8*$!
{
	archiveVersion = 1;
	classes = {
	};
	objectVersion = 77;
	objects = {

/* Begin PBXContainerItemProxy section */
		A88AC0472DD2D9A000B350BE /* PBXContainerItemProxy */ = {
			isa = PBXContainerItemProxy;
			containerPortal = A88AC02E2DD2D99F00B350BE /* Project object */;
			proxyType = 1;
			remoteGlobalIDString = A88AC0352DD2D99F00B350BE;
			remoteInfo = ScoutWeather;
		};
		A88AC0512DD2D9A000B350BE /* PBXContainerItemProxy */ = {
			isa = PBXContainerItemProxy;
			containerPortal = A88AC02E2DD2D99F00B350BE /* Project object */;
			proxyType = 1;
			remoteGlobalIDString = A88AC0352DD2D99F00B350BE;
			remoteInfo = ScoutWeather;
		};
/* End PBXContainerItemProxy section */

/* Begin PBXFileReference section */
		A88AC0362DD2D99F00B350BE /* ScoutWeather.app */ = {isa = PBXFileReference; explicitFileType = wrapper.application; includeInIndex = 0; path = ScoutWeather.app; sourceTree = BUILT_PRODUCTS_DIR; };
		A88AC0462DD2D9A000B350BE /* ScoutWeatherTests.xctest */ = {isa = PBXFileReference; explicitFileType = wrapper.cfbundle; includeInIndex = 0; path = ScoutWeatherTests.xctest; sourceTree = BUILT_PRODUCTS_DIR; };
		A88AC0502DD2D9A000B350BE /* ScoutWeatherUITests.xctest */ = {isa = PBXFileReference; explicitFileType = wrapper.cfbundle; includeInIndex = 0; path = ScoutWeatherUITests.xctest; sourceTree = BUILT_PRODUCTS_DIR; };
/* End PBXFileReference section */

/* Begin PBXFileSystemSynchronizedRootGroup section */
		A88AC0382DD2D99F00B350BE /* ScoutWeather */ = {
			isa = PBXFileSystemSynchronizedRootGroup;
			path = ScoutWeather;
			sourceTree = "<group>";
		};
		A88AC0492DD2D9A000B350BE /* ScoutWeatherTests */ = {
			isa = PBXFileSystemSynchronizedRootGroup;
			path = ScoutWeatherTests;
			sourceTree = "<group>";
		};
		A88AC0532DD2D9A000B350BE /* ScoutWeatherUITests */ = {
			isa = PBXFileSystemSynchronizedRootGroup;
			path = ScoutWeatherUITests;
			sourceTree = "<group>";
		};
/* End PBXFileSystemSynchronizedRootGroup section */

/* Begin PBXFrameworksBuildPhase section */
		A88AC0332DD2D99F00B350BE /* Frameworks */ = {
			isa = PBXFrameworksBuildPhase;
			buildActionMask = 2147483647;
			files = (
			);
			runOnlyForDeploymentPostprocessing = 0;
		};
		A88AC0432DD2D9A000B350BE /* Frameworks */ = {
			isa = PBXFrameworksBuildPhase;
			buildActionMask = 2147483647;
			files = (
			);
			runOnlyForDeploymentPostprocessing = 0;
		};
		A88AC04D2DD2D9A000B350BE /* Frameworks */ = {
			isa = PBXFrameworksBuildPhase;
			buildActionMask = 2147483647;
			files = (
			);
			runOnlyForDeploymentPostprocessing = 0;
		};
/* End PBXFrameworksBuildPhase section */

/* Begin PBXGroup section */
		A88AC02D2DD2D99F00B350BE = {
			isa = PBXGroup;
			children = (
				A88AC0382DD2D99F00B350BE /* ScoutWeather */,
				A88AC0492DD2D9A000B350BE /* ScoutWeatherTests */,
				A88AC0532DD2D9A000B350BE /* ScoutWeatherUITests */,
				A88AC0372DD2D99F00B350BE /* Products */,
			);
			sourceTree = "<group>";
		};
		A88AC0372DD2D99F00B350BE /* Products */ = {
			isa = PBXGroup;
			children = (
				A88AC0362DD2D99F00B350BE /* ScoutWeather.app */,
				A88AC0462DD2D9A000B350BE /* ScoutWeatherTests.xctest */,
				A88AC0502DD2D9A000B350BE /* ScoutWeatherUITests.xctest */,
			);
			name = Products;
			sourceTree = "<group>";
		};
/* End PBXGroup section */

/* Begin PBXNativeTarget section */
		A88AC0352DD2D99F00B350BE /* ScoutWeather */ = {
			isa = PBXNativeTarget;
			buildConfigurationList = A88AC05A2DD2D9A000B350BE /* Build configuration list for PBXNativeTarget "ScoutWeather" */;
			buildPhases = (
				A88AC0322DD2D99F00B350BE /* Sources */,
				A88AC0332DD2D99F00B350BE /* Frameworks */,
				A88AC0342DD2D99F00B350BE /* Resources */,
			);
			buildRules = (
			);
			dependencies = (
			);
			fileSystemSynchronizedGroups = (
				A88AC0382DD2D99F00B350BE /* ScoutWeather */,
			);
			name = ScoutWeather;
			packageProductDependencies = (
			);
			productName = ScoutWeather;
			productReference = A88AC0362DD2D99F00B350BE /* ScoutWeather.app */;
			productType = "com.apple.product-type.application";
		};
		A88AC0452DD2D9A000B350BE /* ScoutWeatherTests */ = {
			isa = PBXNativeTarget;
			buildConfigurationList = A88AC05D2DD2D9A000B350BE /* Build configuration list for PBXNativeTarget "ScoutWeatherTests" */;
			buildPhases = (
				A88AC0422DD2D9A000B350BE /* Sources */,
				A88AC0432DD2D9A000B350BE /* Frameworks */,
				A88AC0442DD2D9A000B350BE /* Resources */,
			);
			buildRules = (
			);
			dependencies = (
				A88AC0482DD2D9A000B350BE /* PBXTargetDependency */,
			);
			fileSystemSynchronizedGroups = (
				A88AC0492DD2D9A000B350BE /* ScoutWeatherTests */,
			);
			name = ScoutWeatherTests;
			packageProductDependencies = (
			);
			productName = ScoutWeatherTests;
			productReference = A88AC0462DD2D9A000B350BE /* ScoutWeatherTests.xctest */;
			productType = "com.apple.product-type.bundle.unit-test";
		};
		A88AC04F2DD2D9A000B350BE /* ScoutWeatherUITests */ = {
			isa = PBXNativeTarget;
			buildConfigurationList = A88AC0602DD2D9A000B350BE /* Build configuration list for PBXNativeTarget "ScoutWeatherUITests" */;
			buildPhases = (
				A88AC04C2DD2D9A000B350BE /* Sources */,
				A88AC04D2DD2D9A000B350BE /* Frameworks */,
				A88AC04E2DD2D9A000B350BE /* Resources */,
			);
			buildRules = (
			);
			dependencies = (
				A88AC0522DD2D9A000B350BE /* PBXTargetDependency */,
			);
			fileSystemSynchronizedGroups = (
				A88AC0532DD2D9A000B350BE /* ScoutWeatherUITests */,
			);
			name = ScoutWeatherUITests;
			packageProductDependencies = (
			);
			productName = ScoutWeatherUITests;
			productReference = A88AC0502DD2D9A000B350BE /* ScoutWeatherUITests.xctest */;
			productType = "com.apple.product-type.bundle.ui-testing";
		};
/* End PBXNativeTarget section */

/* Begin PBXProject section */
		A88AC02E2DD2D99F00B350BE /* Project object */ = {
			isa = PBXProject;
			attributes = {
				BuildIndependentTargetsInParallel = 1;
				LastSwiftUpdateCheck = 1610;
				LastUpgradeCheck = 1610;
				TargetAttributes = {
					A88AC0352DD2D99F00B350BE = {
						CreatedOnToolsVersion = 16.1;
					};
					A88AC0452DD2D9A000B350BE = {
						CreatedOnToolsVersion = 16.1;
						TestTargetID = A88AC0352DD2D99F00B350BE;
					};
					A88AC04F2DD2D9A000B350BE = {
						CreatedOnToolsVersion = 16.1;
						TestTargetID = A88AC0352DD2D99F00B350BE;
					};
				};
			};
			buildConfigurationList = A88AC0312DD2D99F00B350BE /* Build configuration list for PBXProject "ScoutWeather" */;
			developmentRegion = en;
			hasScannedForEncodings = 0;
			knownRegions = (
				en,
				Base,
			);
			mainGroup = A88AC02D2DD2D99F00B350BE;
			minimizedProjectReferenceProxies = 1;
			preferredProjectObjectVersion = 77;
			productRefGroup = A88AC0372DD2D99F00B350BE /* Products */;
			projectDirPath = "";
			projectRoot = "";
			targets = (
				A88AC0352DD2D99F00B350BE /* ScoutWeather */,
				A88AC0452DD2D9A000B350BE /* ScoutWeatherTests */,
				A88AC04F2DD2D9A000B350BE /* ScoutWeatherUITests */,
			);
		};
/* End PBXProject section */

/* Begin PBXResourcesBuildPhase section */
		A88AC0342DD2D99F00B350BE /* Resources */ = {
			isa = PBXResourcesBuildPhase;
			buildActionMask = 2147483647;
			files = (
			);
			runOnlyForDeploymentPostprocessing = 0;
		};
		A88AC0442DD2D9A000B350BE /* Resources */ = {
			isa = PBXResourcesBuildPhase;
			buildActionMask = 2147483647;
			files = (
			);
			runOnlyForDeploymentPostprocessing = 0;
		};
		A88AC04E2DD2D9A000B350BE /* Resources */ = {
			isa = PBXResourcesBuildPhase;
			buildActionMask = 2147483647;
			files = (
			);
			runOnlyForDeploymentPostprocessing = 0;
		};
/* End PBXResourcesBuildPhase section */

/* Begin PBXSourcesBuildPhase section */
		A88AC0322DD2D99F00B350BE /* Sources */ = {
			isa = PBXSourcesBuildPhase;
			buildActionMask = 2147483647;
			files = (
			);
			runOnlyForDeploymentPostprocessing = 0;
		};
		A88AC0422DD2D9A000B350BE /* Sources */ = {
			isa = PBXSourcesBuildPhase;
			buildActionMask = 2147483647;
			files = (
			);
			runOnlyForDeploymentPostprocessing = 0;
		};
		A88AC04C2DD2D9A000B350BE /* Sources */ = {
			isa = PBXSourcesBuildPhase;
			buildActionMask = 2147483647;
			files = (
			);
			runOnlyForDeploymentPostprocessing = 0;
		};
/* End PBXSourcesBuildPhase section */

/* Begin PBXTargetDependency section */
		A88AC0482DD2D9A000B350BE /* PBXTargetDependency */ = {
			isa = PBXTargetDependency;
			target = A88AC0352DD2D99F00B350BE /* ScoutWeather */;
			targetProxy = A88AC0472DD2D9A000B350BE /* PBXContainerItemProxy */;
		};
		A88AC0522DD2D9A000B350BE /* PBXTargetDependency */ = {
			isa = PBXTargetDependency;
			target = A88AC0352DD2D99F00B350BE /* ScoutWeather */;
			targetProxy = A88AC0512DD2D9A000B350BE /* PBXContainerItemProxy */;
		};
/* End PBXTargetDependency section */

/* Begin XCBuildConfiguration section */
		A88AC0582DD2D9A000B350BE /* Debug */ = {
			isa = XCBuildConfiguration;
			buildSettings = {
				ALWAYS_SEARCH_USER_PATHS = NO;
				ASSETCATALOG_COMPILER_GENERATE_SWIFT_ASSET_SYMBOL_EXTENSIONS = YES;
				CLANG_ANALYZER_NONNULL = YES;
				CLANG_ANALYZER_NUMBER_OBJECT_CONVERSION = YES_AGGRESSIVE;
				CLANG_CXX_LANGUAGE_STANDARD = "gnu++20";
				CLANG_ENABLE_MODULES = YES;
				CLANG_ENABLE_OBJC_ARC = YES;
				CLANG_ENABLE_OBJC_WEAK = YES;
				CLANG_WARN_BLOCK_CAPTURE_AUTORELEASING = YES;
				CLANG_WARN_BOOL_CONVERSION = YES;
				CLANG_WARN_COMMA = YES;
				CLANG_WARN_CONSTANT_CONVERSION = YES;
				CLANG_WARN_DEPRECATED_OBJC_IMPLEMENTATIONS = YES;
				CLANG_WARN_DIRECT_OBJC_ISA_USAGE = YES_ERROR;
				CLANG_WARN_DOCUMENTATION_COMMENTS = YES;
				CLANG_WARN_EMPTY_BODY = YES;
				CLANG_WARN_ENUM_CONVERSION = YES;
				CLANG_WARN_INFINITE_RECURSION = YES;
				CLANG_WARN_INT_CONVERSION = YES;
				CLANG_WARN_NON_LITERAL_NULL_CONVERSION = YES;
				CLANG_WARN_OBJC_IMPLICIT_RETAIN_SELF = YES;
				CLANG_WARN_OBJC_LITERAL_CONVERSION = YES;
				CLANG_WARN_OBJC_ROOT_CLASS = YES_ERROR;
				CLANG_WARN_QUOTED_INCLUDE_IN_FRAMEWORK_HEADER = YES;
				CLANG_WARN_RANGE_LOOP_ANALYSIS = YES;
				CLANG_WARN_STRICT_PROTOTYPES = YES;
				CLANG_WARN_SUSPICIOUS_MOVE = YES;
				CLANG_WARN_UNGUARDED_AVAILABILITY = YES_AGGRESSIVE;
				CLANG_WARN_UNREACHABLE_CODE = YES;
				CLANG_WARN__DUPLICATE_METHOD_MATCH = YES;
				COPY_PHASE_STRIP = NO;
				DEBUG_INFORMATION_FORMAT = dwarf;
				ENABLE_STRICT_OBJC_MSGSEND = YES;
				ENABLE_TESTABILITY = YES;
				ENABLE_USER_SCRIPT_SANDBOXING = YES;
				GCC_C_LANGUAGE_STANDARD = gnu17;
				GCC_DYNAMIC_NO_PIC = NO;
				GCC_NO_COMMON_BLOCKS = YES;
				GCC_OPTIMIZATION_LEVEL = 0;
				GCC_PREPROCESSOR_DEFINITIONS = (
					"DEBUG=1",
					"$(inherited)",
				);
				GCC_WARN_64_TO_32_BIT_CONVERSION = YES;
				GCC_WARN_ABOUT_RETURN_TYPE = YES_ERROR;
				GCC_WARN_UNDECLARED_SELECTOR = YES;
				GCC_WARN_UNINITIALIZED_AUTOS = YES_AGGRESSIVE;
				GCC_WARN_UNUSED_FUNCTION = YES;
				GCC_WARN_UNUSED_VARIABLE = YES;
				IPHONEOS_DEPLOYMENT_TARGET = 18.1;
				LOCALIZATION_PREFERS_STRING_CATALOGS = YES;
				MTL_ENABLE_DEBUG_INFO = INCLUDE_SOURCE;
				MTL_FAST_MATH = YES;
				ONLY_ACTIVE_ARCH = YES;
				SDKROOT = iphoneos;
				SWIFT_ACTIVE_COMPILATION_CONDITIONS = "DEBUG $(inherited)";
				SWIFT_OPTIMIZATION_LEVEL = "-Onone";
			};
			name = Debug;
		};
		A88AC0592DD2D9A000B350BE /* Release */ = {
			isa = XCBuildConfiguration;
			buildSettings = {
				ALWAYS_SEARCH_USER_PATHS = NO;
				ASSETCATALOG_COMPILER_GENERATE_SWIFT_ASSET_SYMBOL_EXTENSIONS = YES;
				CLANG_ANALYZER_NONNULL = YES;
				CLANG_ANALYZER_NUMBER_OBJECT_CONVERSION = YES_AGGRESSIVE;
				CLANG_CXX_LANGUAGE_STANDARD = "gnu++20";
				CLANG_ENABLE_MODULES = YES;
				CLANG_ENABLE_OBJC_ARC = YES;
				CLANG_ENABLE_OBJC_WEAK = YES;
				CLANG_WARN_BLOCK_CAPTURE_AUTORELEASING = YES;
				CLANG_WARN_BOOL_CONVERSION = YES;
				CLANG_WARN_COMMA = YES;
				CLANG_WARN_CONSTANT_CONVERSION = YES;
				CLANG_WARN_DEPRECATED_OBJC_IMPLEMENTATIONS = YES;
				CLANG_WARN_DIRECT_OBJC_ISA_USAGE = YES_ERROR;
				CLANG_WARN_DOCUMENTATION_COMMENTS = YES;
				CLANG_WARN_EMPTY_BODY = YES;
				CLANG_WARN_ENUM_CONVERSION = YES;
				CLANG_WARN_INFINITE_RECURSION = YES;
				CLANG_WARN_INT_CONVERSION = YES;
				CLANG_WARN_NON_LITERAL_NULL_CONVERSION = YES;
				CLANG_WARN_OBJC_IMPLICIT_RETAIN_SELF = YES;
				CLANG_WARN_OBJC_LITERAL_CONVERSION = YES;
				CLANG_WARN_OBJC_ROOT_CLASS = YES_ERROR;
				CLANG_WARN_QUOTED_INCLUDE_IN_FRAMEWORK_HEADER = YES;
				CLANG_WARN_RANGE_LOOP_ANALYSIS = YES;
				CLANG_WARN_STRICT_PROTOTYPES = YES;
				CLANG_WARN_SUSPICIOUS_MOVE = YES;
				CLANG_WARN_UNGUARDED_AVAILABILITY = YES_AGGRESSIVE;
				CLANG_WARN_UNREACHABLE_CODE = YES;
				CLANG_WARN__DUPLICATE_METHOD_MATCH = YES;
				COPY_PHASE_STRIP = NO;
				DEBUG_INFORMATION_FORMAT = "dwarf-with-dsym";
				ENABLE_NS_ASSERTIONS = NO;
				ENABLE_STRICT_OBJC_MSGSEND = YES;
				ENABLE_USER_SCRIPT_SANDBOXING = YES;
				GCC_C_LANGUAGE_STANDARD = gnu17;
				GCC_NO_COMMON_BLOCKS = YES;
				GCC_WARN_64_TO_32_BIT_CONVERSION = YES;
				GCC_WARN_ABOUT_RETURN_TYPE = YES_ERROR;
				GCC_WARN_UNDECLARED_SELECTOR = YES;
				GCC_WARN_UNINITIALIZED_AUTOS = YES_AGGRESSIVE;
				GCC_WARN_UNUSED_FUNCTION = YES;
				GCC_WARN_UNUSED_VARIABLE = YES;
				IPHONEOS_DEPLOYMENT_TARGET = 18.1;
				LOCALIZATION_PREFERS_STRING_CATALOGS = YES;
				MTL_ENABLE_DEBUG_INFO = NO;
				MTL_FAST_MATH = YES;
				SDKROOT = iphoneos;
				SWIFT_COMPILATION_MODE = wholemodule;
				VALIDATE_PRODUCT = YES;
			};
			name = Release;
		};
		A88AC05B2DD2D9A000B350BE /* Debug */ = {
			isa = XCBuildConfiguration;
			buildSettings = {
				ASSETCATALOG_COMPILER_APPICON_NAME = AppIcon;
				ASSETCATALOG_COMPILER_GLOBAL_ACCENT_COLOR_NAME = AccentColor;
				CODE_SIGN_STYLE = Automatic;
				CURRENT_PROJECT_VERSION = 1;
				DEVELOPMENT_ASSET_PATHS = "\"ScoutWeather/Preview Content\"";
				DEVELOPMENT_TEAM = F75QRKVEEA;
				ENABLE_PREVIEWS = YES;
				GENERATE_INFOPLIST_FILE = YES;
				INFOPLIST_KEY_UIApplicationSceneManifest_Generation = YES;
				INFOPLIST_KEY_UIApplicationSupportsIndirectInputEvents = YES;
				INFOPLIST_KEY_UILaunchScreen_Generation = YES;
				INFOPLIST_KEY_UISupportedInterfaceOrientations_iPad = "UIInterfaceOrientationPortrait UIInterfaceOrientationPortraitUpsideDown UIInterfaceOrientationLandscapeLeft UIInterfaceOrientationLandscapeRight";
				INFOPLIST_KEY_UISupportedInterfaceOrientations_iPhone = "UIInterfaceOrientationPortrait UIInterfaceOrientationLandscapeLeft UIInterfaceOrientationLandscapeRight";
				LD_RUNPATH_SEARCH_PATHS = (
					"$(inherited)",
					"@executable_path/Frameworks",
				);
				MARKETING_VERSION = 1.0;
				PRODUCT_BUNDLE_IDENTIFIER = com.carlfunk.ScoutWeather;
				PRODUCT_NAME = "$(TARGET_NAME)";
				SWIFT_EMIT_LOC_STRINGS = YES;
				SWIFT_VERSION = 5.0;
				TARGETED_DEVICE_FAMILY = "1,2";
			};
			name = Debug;
		};
		A88AC05C2DD2D9A000B350BE /* Release */ = {
			isa = XCBuildConfiguration;
			buildSettings = {
				ASSETCATALOG_COMPILER_APPICON_NAME = AppIcon;
				ASSETCATALOG_COMPILER_GLOBAL_ACCENT_COLOR_NAME = AccentColor;
				CODE_SIGN_STYLE = Automatic;
				CURRENT_PROJECT_VERSION = 1;
				DEVELOPMENT_ASSET_PATHS = "\"ScoutWeather/Preview Content\"";
				DEVELOPMENT_TEAM = F75QRKVEEA;
				ENABLE_PREVIEWS = YES;
				GENERATE_INFOPLIST_FILE = YES;
				INFOPLIST_KEY_UIApplicationSceneManifest_Generation = YES;
				INFOPLIST_KEY_UIApplicationSupportsIndirectInputEvents = YES;
				INFOPLIST_KEY_UILaunchScreen_Generation = YES;
				INFOPLIST_KEY_UISupportedInterfaceOrientations_iPad = "UIInterfaceOrientationPortrait UIInterfaceOrientationPortraitUpsideDown UIInterfaceOrientationLandscapeLeft UIInterfaceOrientationLandscapeRight";
				INFOPLIST_KEY_UISupportedInterfaceOrientations_iPhone = "UIInterfaceOrientationPortrait UIInterfaceOrientationLandscapeLeft UIInterfaceOrientationLandscapeRight";
				LD_RUNPATH_SEARCH_PATHS = (
					"$(inherited)",
					"@executable_path/Frameworks",
				);
				MARKETING_VERSION = 1.0;
				PRODUCT_BUNDLE_IDENTIFIER = com.carlfunk.ScoutWeather;
				PRODUCT_NAME = "$(TARGET_NAME)";
				SWIFT_EMIT_LOC_STRINGS = YES;
				SWIFT_VERSION = 5.0;
				TARGETED_DEVICE_FAMILY = "1,2";
			};
			name = Release;
		};
		A88AC05E2DD2D9A000B350BE /* Debug */ = {
			isa = XCBuildConfiguration;
			buildSettings = {
				BUNDLE_LOADER = "$(TEST_HOST)";
				CODE_SIGN_STYLE = Automatic;
				CURRENT_PROJECT_VERSION = 1;
				DEVELOPMENT_TEAM = F75QRKVEEA;
				GENERATE_INFOPLIST_FILE = YES;
				IPHONEOS_DEPLOYMENT_TARGET = 18.1;
				MARKETING_VERSION = 1.0;
				PRODUCT_BUNDLE_IDENTIFIER = com.carlfunk.ScoutWeatherTests;
				PRODUCT_NAME = "$(TARGET_NAME)";
				SWIFT_EMIT_LOC_STRINGS = NO;
				SWIFT_VERSION = 5.0;
				TARGETED_DEVICE_FAMILY = "1,2";
				TEST_HOST = "$(BUILT_PRODUCTS_DIR)/ScoutWeather.app/$(BUNDLE_EXECUTABLE_FOLDER_PATH)/ScoutWeather";
			};
			name = Debug;
		};
		A88AC05F2DD2D9A000B350BE /* Release */ = {
			isa = XCBuildConfiguration;
			buildSettings = {
				BUNDLE_LOADER = "$(TEST_HOST)";
				CODE_SIGN_STYLE = Automatic;
				CURRENT_PROJECT_VERSION = 1;
				DEVELOPMENT_TEAM = F75QRKVEEA;
				GENERATE_INFOPLIST_FILE = YES;
				IPHONEOS_DEPLOYMENT_TARGET = 18.1;
				MARKETING_VERSION = 1.0;
				PRODUCT_BUNDLE_IDENTIFIER = com.carlfunk.ScoutWeatherTests;
				PRODUCT_NAME = "$(TARGET_NAME)";
				SWIFT_EMIT_LOC_STRINGS = NO;
				SWIFT_VERSION = 5.0;
				TARGETED_DEVICE_FAMILY = "1,2";
				TEST_HOST = "$(BUILT_PRODUCTS_DIR)/ScoutWeather.app/$(BUNDLE_EXECUTABLE_FOLDER_PATH)/ScoutWeather";
			};
			name = Release;
		};
		A88AC0612DD2D9A000B350BE /* Debug */ = {
			isa = XCBuildConfiguration;
			buildSettings = {
				CODE_SIGN_STYLE = Automatic;
				CURRENT_PROJECT_VERSION = 1;
				DEVELOPMENT_TEAM = F75QRKVEEA;
				GENERATE_INFOPLIST_FILE = YES;
				MARKETING_VERSION = 1.0;
				PRODUCT_BUNDLE_IDENTIFIER = com.carlfunk.ScoutWeatherUITests;
				PRODUCT_NAME = "$(TARGET_NAME)";
				SWIFT_EMIT_LOC_STRINGS = NO;
				SWIFT_VERSION = 5.0;
				TARGETED_DEVICE_FAMILY = "1,2";
				TEST_TARGET_NAME = ScoutWeather;
			};
			name = Debug;
		};
		A88AC0622DD2D9A000B350BE /* Release */ = {
			isa = XCBuildConfiguration;
			buildSettings = {
				CODE_SIGN_STYLE = Automatic;
				CURRENT_PROJECT_VERSION = 1;
				DEVELOPMENT_TEAM = F75QRKVEEA;
				GENERATE_INFOPLIST_FILE = YES;
				MARKETING_VERSION = 1.0;
				PRODUCT_BUNDLE_IDENTIFIER = com.carlfunk.ScoutWeatherUITests;
				PRODUCT_NAME = "$(TARGET_NAME)";
				SWIFT_EMIT_LOC_STRINGS = NO;
				SWIFT_VERSION = 5.0;
				TARGETED_DEVICE_FAMILY = "1,2";
				TEST_TARGET_NAME = ScoutWeather;
			};
			name = Release;
		};
/* End XCBuildConfiguration section */

/* Begin XCConfigurationList section */
		A88AC0312DD2D99F00B350BE /* Build configuration list for PBXProject "ScoutWeather" */ = {
			isa = XCConfigurationList;
			buildConfigurations = (
				A88AC0582DD2D9A000B350BE /* Debug */,
				A88AC0592DD2D9A000B350BE /* Release */,
			);
			defaultConfigurationIsVisible = 0;
			defaultConfigurationName = Release;
		};
		A88AC05A2DD2D9A000B350BE /* Build configuration list for PBXNativeTarget "ScoutWeather" */ = {
			isa = XCConfigurationList;
			buildConfigurations = (
				A88AC05B2DD2D9A000B350BE /* Debug */,
				A88AC05C2DD2D9A000B350BE /* Release */,
			);
			defaultConfigurationIsVisible = 0;
			defaultConfigurationName = Release;
		};
		A88AC05D2DD2D9A000B350BE /* Build configuration list for PBXNativeTarget "ScoutWeatherTests" */ = {
			isa = XCConfigurationList;
			buildConfigurations = (
				A88AC05E2DD2D9A000B350BE /* Debug */,
				A88AC05F2DD2D9A000B350BE /* Release */,
			);
			defaultConfigurationIsVisible = 0;
			defaultConfigurationName = Release;
		};
		A88AC0602DD2D9A000B350BE /* Build configuration list for PBXNativeTarget "ScoutWeatherUITests" */ = {
			isa = XCConfigurationList;
			buildConfigurations = (
				A88AC0612DD2D9A000B350BE /* Debug */,
				A88AC0622DD2D9A000B350BE /* Release */,
			);
			defaultConfigurationIsVisible = 0;
			defaultConfigurationName = Release;
		};
/* End XCConfigurationList section */
	};
	rootObject = A88AC02E2DD2D99F00B350BE /* Project object */;
}
